
Microsoft Visual Studio Solution File, Format Version 12.00
# Visual Studio Version 17
VisualStudioVersion = 17.3.32922.545
MinimumVisualStudioVersion = 10.0.40219.1
Project("{8BC9CEB8-8B4A-11D0-8D11-00A0C91BC942}") = "LR5.1", "LR5.1\LR5.1.vcxproj", "{BC5E02AF-F000-4CDF-B124-EBD6EDB5EF08}"
EndProject
Project("{8BC9CEB8-8B4A-11D0-8D11-00A0C91BC942}") = "UnitTest2", "UnitTest2\UnitTest2.vcxproj", "{019762A6-5390-4BCB-B018-953A9F271FAC}"
EndProject
Global
	GlobalSection(SolutionConfigurationPlatforms) = preSolution
		Debug|x64 = Debug|x64
		Debug|x86 = Debug|x86
		Release|x64 = Release|x64
		Release|x86 = Release|x86
	EndGlobalSection
	GlobalSection(ProjectConfigurationPlatforms) = postSolution
		{BC5E02AF-F000-4CDF-B124-EBD6EDB5EF08}.Debug|x64.ActiveCfg = Debug|x64
		{BC5E02AF-F000-4CDF-B124-EBD6EDB5EF08}.Debug|x64.Build.0 = Debug|x64
		{BC5E02AF-F000-4CDF-B124-EBD6EDB5EF08}.Debug|x86.ActiveCfg = Debug|Win32
		{BC5E02AF-F000-4CDF-B124-EBD6EDB5EF08}.Debug|x86.Build.0 = Debug|Win32
		{BC5E02AF-F000-4CDF-B124-EBD6EDB5EF08}.Release|x64.ActiveCfg = Release|x64
		{BC5E02AF-F000-4CDF-B124-EBD6EDB5EF08}.Release|x64.Build.0 = Release|x64
		{BC5E02AF-F000-4CDF-B124-EBD6EDB5EF08}.Release|x86.ActiveCfg = Release|Win32
		{BC5E02AF-F000-4CDF-B124-EBD6EDB5EF08}.Release|x86.Build.0 = Release|Win32
		{019762A6-5390-4BCB-B018-953A9F271FAC}.Debug|x64.ActiveCfg = Debug|x64
		{019762A6-5390-4BCB-B018-953A9F271FAC}.Debug|x64.Build.0 = Debug|x64
		{019762A6-5390-4BCB-B018-953A9F271FAC}.Debug|x86.ActiveCfg = Debug|Win32
		{019762A6-5390-4BCB-B018-953A9F271FAC}.Debug|x86.Build.0 = Debug|Win32
		{019762A6-5390-4BCB-B018-953A9F271FAC}.Release|x64.ActiveCfg = Release|x64
		{019762A6-5390-4BCB-B018-953A9F271FAC}.Release|x64.Build.0 = Release|x64
		{019762A6-5390-4BCB-B018-953A9F271FAC}.Release|x86.ActiveCfg = Release|Win32
		{019762A6-5390-4BCB-B018-953A9F271FAC}.Release|x86.Build.0 = Release|Win32
	EndGlobalSection
	GlobalSection(SolutionProperties) = preSolution
		HideSolutionNode = FALSE
	EndGlobalSection
	GlobalSection(ExtensibilityGlobals) = postSolution
		SolutionGuid = {7BD83015-E16A-449C-9EE1-A04E413FCD40}
	EndGlobalSection
EndGlobal
